{
  "requires": true,
  "lockfileVersion": 1,
  "dependencies": {
    "bootstrap": {
      "version": "4.5.3",
      "resolved": "https://registry.npmjs.org/bootstrap/-/bootstrap-4.5.3.tgz",
      "integrity": "sha512-o9ppKQioXGqhw8Z7mah6KdTYpNQY//tipnkxppWhPbiSWdD+1raYsnhwEZjkTHYbGee4cVQ0Rx65EhOY/HNLcQ=="
    },
    "startbootstrap-creative": {
      "version": "6.0.4",
      "resolved": "https://registry.npmjs.org/startbootstrap-creative/-/startbootstrap-creative-6.0.4.tgz",
      "integrity": "sha512-9UWGMAjw8Lt2edRhxDmUtk8mU1mtFoYXb4D+YkvAAvjmKJfqAujpZebuTvwpF3Oe+hqqZ/X6Sx59+5tnloHqGg==",
      "requires": {
        "bootstrap": "4.5.3"
      }
    }
  }
}
